
Microsoft Visual Studio Solution File, Format Version 12.00
# Visual Studio Version 16
VisualStudioVersion = 16.0.30717.126
MinimumVisualStudioVersion = 10.0.40219.1
Project("{9A19103F-16F7-4668-BE54-9A1E7A4F7556}") = "TruckersRegistration", "TruckersRegistration\TruckersRegistration.csproj", "{2A08A8E4-26C9-42DE-9C32-CB7C5514587D}"
EndProject
Project("{9A19103F-16F7-4668-BE54-9A1E7A4F7556}") = "TruckersRegistration.Model", "TruckersRegistration.Model\TruckersRegistration.Model.csproj", "{64B5E146-9C29-4768-BF31-9138AC07CC96}"
EndProject
Project("{9A19103F-16F7-4668-BE54-9A1E7A4F7556}") = "TruckersRegistration.Repository", "TruckersRegistration.Repository\TruckersRegistration.Repository.csproj", "{08CE3FEA-00DB-4109-A912-48E22B79DB7A}"
EndProject
Project("{9A19103F-16F7-4668-BE54-9A1E7A4F7556}") = "TruckersRegistration.Service", "TruckersRegistration.Service\TruckersRegistration.Service.csproj", "{315A0A28-4C33-4205-9D1D-CEA5D506521E}"
EndProject
Global
	GlobalSection(SolutionConfigurationPlatforms) = preSolution
		Debug|Any CPU = Debug|Any CPU
		Release|Any CPU = Release|Any CPU
	EndGlobalSection
	GlobalSection(ProjectConfigurationPlatforms) = postSolution
		{2A08A8E4-26C9-42DE-9C32-CB7C5514587D}.Debug|Any CPU.ActiveCfg = Debug|Any CPU
		{2A08A8E4-26C9-42DE-9C32-CB7C5514587D}.Debug|Any CPU.Build.0 = Debug|Any CPU
		{2A08A8E4-26C9-42DE-9C32-CB7C5514587D}.Release|Any CPU.ActiveCfg = Release|Any CPU
		{2A08A8E4-26C9-42DE-9C32-CB7C5514587D}.Release|Any CPU.Build.0 = Release|Any CPU
		{64B5E146-9C29-4768-BF31-9138AC07CC96}.Debug|Any CPU.ActiveCfg = Debug|Any CPU
		{64B5E146-9C29-4768-BF31-9138AC07CC96}.Debug|Any CPU.Build.0 = Debug|Any CPU
		{64B5E146-9C29-4768-BF31-9138AC07CC96}.Release|Any CPU.ActiveCfg = Release|Any CPU
		{64B5E146-9C29-4768-BF31-9138AC07CC96}.Release|Any CPU.Build.0 = Release|Any CPU
		{08CE3FEA-00DB-4109-A912-48E22B79DB7A}.Debug|Any CPU.ActiveCfg = Debug|Any CPU
		{08CE3FEA-00DB-4109-A912-48E22B79DB7A}.Debug|Any CPU.Build.0 = Debug|Any CPU
		{08CE3FEA-00DB-4109-A912-48E22B79DB7A}.Release|Any CPU.ActiveCfg = Release|Any CPU
		{08CE3FEA-00DB-4109-A912-48E22B79DB7A}.Release|Any CPU.Build.0 = Release|Any CPU
		{315A0A28-4C33-4205-9D1D-CEA5D506521E}.Debug|Any CPU.ActiveCfg = Debug|Any CPU
		{315A0A28-4C33-4205-9D1D-CEA5D506521E}.Debug|Any CPU.Build.0 = Debug|Any CPU
		{315A0A28-4C33-4205-9D1D-CEA5D506521E}.Release|Any CPU.ActiveCfg = Release|Any CPU
		{315A0A28-4C33-4205-9D1D-CEA5D506521E}.Release|Any CPU.Build.0 = Release|Any CPU
	EndGlobalSection
	GlobalSection(SolutionProperties) = preSolution
		HideSolutionNode = FALSE
	EndGlobalSection
	GlobalSection(ExtensibilityGlobals) = postSolution
		SolutionGuid = {17E55003-D32E-4CF5-9D2F-75A3B890BF2D}
	EndGlobalSection
EndGlobal
